<?xml version="1.0" encoding="utf-8"?>
<Project ToolsVersion="4.0" xmlns="http://schemas.microsoft.com/developer/msbuild/2003">
  <ItemGroup>
    <Filter Include="Pong">
      <UniqueIdentifier>{99D48A7C-850B-8C0D-2EF8-71101A0E080F}</UniqueIdentifier>
    </Filter>
  </ItemGroup>
  <ItemGroup>
    <ClInclude Include="src\ParticleSystem.h" />
    <ClInclude Include="src\Pong\Paddle.h">
      <Filter>Pong</Filter>
    </ClInclude>
    <ClInclude Include="src\Pong\Pong.h">
      <Filter>Pong</Filter>
    </ClInclude>
    <ClInclude Include="src\Pong\Puck.h">
      <Filter>Pong</Filter>
    </ClInclude>
    <ClInclude Include="src\Sandbox2D.h" />
  </ItemGroup>
  <ItemGroup>
    <ClCompile Include="src\ParticleSystem.cpp" />
    <ClCompile Include="src\Pong\Paddle.cpp">
      <Filter>Pong</Filter>
    </ClCompile>
    <ClCompile Include="src\Pong\Pong.cpp">
      <Filter>Pong</Filter>
    </ClCompile>
    <ClCompile Include="src\Pong\Puck.cpp">
      <Filter>Pong</Filter>
    </ClCompile>
    <ClCompile Include="src\Sandbox2D.cpp" />
    <ClCompile Include="src\SandboxApp.cpp" />
  </ItemGroup>
</Project>