<?xml version="1.0" encoding="utf-8"?>
<Project ToolsVersion="4.0" xmlns="http://schemas.microsoft.com/developer/msbuild/2003">
  <ItemGroup>
    <Filter Include="KineticEngine">
      <UniqueIdentifier>{2255C3C4-8E15-3FFB-5750-8878C3CF83D7}</UniqueIdentifier>
    </Filter>
    <Filter Include="KineticEngine\Events">
      <UniqueIdentifier>{C6A64573-B235-CF3C-5B54-E33747C2DFE2}</UniqueIdentifier>
    </Filter>
    <Filter Include="KineticEngine\ImGui">
      <UniqueIdentifier>{CC9B73CD-38FD-50DB-C16A-978D2DCB879A}</UniqueIdentifier>
    </Filter>
    <Filter Include="KineticEngine\Input">
      <UniqueIdentifier>{A1D674CD-0D38-52DB-96A5-988D0206899A}</UniqueIdentifier>
    </Filter>
    <Filter Include="KineticEngine\Window">
      <UniqueIdentifier>{C9075C9C-B596-E565-5EB5-F9604A23F60B}</UniqueIdentifier>
    </Filter>
  </ItemGroup>
  <ItemGroup>
    <ClInclude Include="src\KineticEngine.h" />
    <ClInclude Include="src\KineticEngine\Application.h">
      <Filter>KineticEngine</Filter>
    </ClInclude>
    <ClInclude Include="src\KineticEngine\Core.h">
      <Filter>KineticEngine</Filter>
    </ClInclude>
    <ClInclude Include="src\KineticEngine\EntryPoint.h">
      <Filter>KineticEngine</Filter>
    </ClInclude>
    <ClInclude Include="src\KineticEngine\Events\ApplicationEvent.h">
      <Filter>KineticEngine\Events</Filter>
    </ClInclude>
    <ClInclude Include="src\KineticEngine\Events\Event.h">
      <Filter>KineticEngine\Events</Filter>
    </ClInclude>
    <ClInclude Include="src\KineticEngine\Events\KeyEvent.h">
      <Filter>KineticEngine\Events</Filter>
    </ClInclude>
    <ClInclude Include="src\KineticEngine\Events\MouseEvent.h">
      <Filter>KineticEngine\Events</Filter>
    </ClInclude>
    <ClInclude Include="src\KineticEngine\ImGui\ImGuiLayer.h">
      <Filter>KineticEngine\ImGui</Filter>
    </ClInclude>
    <ClInclude Include="src\KineticEngine\Input\Input.h">
      <Filter>KineticEngine\Input</Filter>
    </ClInclude>
    <ClInclude Include="src\KineticEngine\KeyCodes.h">
      <Filter>KineticEngine</Filter>
    </ClInclude>
    <ClInclude Include="src\KineticEngine\Layer.h">
      <Filter>KineticEngine</Filter>
    </ClInclude>
    <ClInclude Include="src\KineticEngine\LayerStack.h">
      <Filter>KineticEngine</Filter>
    </ClInclude>
    <ClInclude Include="src\KineticEngine\Log.h">
      <Filter>KineticEngine</Filter>
    </ClInclude>
    <ClInclude Include="src\KineticEngine\MouseButtonCodes.h">
      <Filter>KineticEngine</Filter>
    </ClInclude>
    <ClInclude Include="src\KineticEngine\Window\Window.h">
      <Filter>KineticEngine\Window</Filter>
    </ClInclude>
  </ItemGroup>
  <ItemGroup>
    <ClCompile Include="src\KineticEngine\Application.cpp">
      <Filter>KineticEngine</Filter>
    </ClCompile>
    <ClCompile Include="src\KineticEngine\ImGui\ImGuiBuild.cpp">
      <Filter>KineticEngine\ImGui</Filter>
    </ClCompile>
    <ClCompile Include="src\KineticEngine\ImGui\ImGuiLayer.cpp">
      <Filter>KineticEngine\ImGui</Filter>
    </ClCompile>
    <ClCompile Include="src\KineticEngine\Input\Input.cpp">
      <Filter>KineticEngine\Input</Filter>
    </ClCompile>
    <ClCompile Include="src\KineticEngine\Layer.cpp">
      <Filter>KineticEngine</Filter>
    </ClCompile>
    <ClCompile Include="src\KineticEngine\LayerStack.cpp">
      <Filter>KineticEngine</Filter>
    </ClCompile>
    <ClCompile Include="src\KineticEngine\Log.cpp">
      <Filter>KineticEngine</Filter>
    </ClCompile>
    <ClCompile Include="src\KineticEngine\Window\Window.cpp">
      <Filter>KineticEngine\Window</Filter>
    </ClCompile>
  </ItemGroup>
</Project>